// !$*UTF8*$!
{
	archiveVersion = 1;
	classes = {
	};
	objectVersion = 50;
	objects = {

/* Begin PBXBuildFile section */
		41E506150E9F17FE6E5EA697 /* Pods_Royale_Leader.framework in Frameworks */ = {isa = PBXBuildFile; fileRef = 7613A2815CDA1A41FF4A0CB3 /* Pods_Royale_Leader.framework */; };
		DB257A2B21BDDEA800746350 /* ClanViewController.swift in Sources */ = {isa = PBXBuildFile; fileRef = DB257A2A21BDDEA800746350 /* ClanViewController.swift */; };
		DB257A2D21BDF6C500746350 /* ParticipantsCell.swift in Sources */ = {isa = PBXBuildFile; fileRef = DB257A2C21BDF6C500746350 /* ParticipantsCell.swift */; };
		DB3A2CA921B8A9FE00AA4C2F /* AppDelegate.swift in Sources */ = {isa = PBXBuildFile; fileRef = DB3A2CA821B8A9FE00AA4C2F /* AppDelegate.swift */; };
		DB3A2CAE21B8A9FE00AA4C2F /* Main.storyboard in Resources */ = {isa = PBXBuildFile; fileRef = DB3A2CAC21B8A9FE00AA4C2F /* Main.storyboard */; };
		DB3A2CB021B8A9FF00AA4C2F /* Assets.xcassets in Resources */ = {isa = PBXBuildFile; fileRef = DB3A2CAF21B8A9FF00AA4C2F /* Assets.xcassets */; };
		DB3A2CB321B8A9FF00AA4C2F /* LaunchScreen.storyboard in Resources */ = {isa = PBXBuildFile; fileRef = DB3A2CB121B8A9FF00AA4C2F /* LaunchScreen.storyboard */; };
		DB3A2CCF21B8B3BC00AA4C2F /* RouterEndpoint.swift in Sources */ = {isa = PBXBuildFile; fileRef = DB3A2CCE21B8B3BC00AA4C2F /* RouterEndpoint.swift */; };
		DB3B9B5E21BAB11200DC4406 /* Tracking.swift in Sources */ = {isa = PBXBuildFile; fileRef = DB3B9B5D21BAB11200DC4406 /* Tracking.swift */; };
		DB3B9B6021BAB16100DC4406 /* Badge.swift in Sources */ = {isa = PBXBuildFile; fileRef = DB3B9B5F21BAB16100DC4406 /* Badge.swift */; };
		DB3B9B6221BAB2B300DC4406 /* Location.swift in Sources */ = {isa = PBXBuildFile; fileRef = DB3B9B6121BAB2B300DC4406 /* Location.swift */; };
		DB3B9B6421BAB34E00DC4406 /* Member.swift in Sources */ = {isa = PBXBuildFile; fileRef = DB3B9B6321BAB34E00DC4406 /* Member.swift */; };
		DB3B9B6621BAB3DB00DC4406 /* Arena.swift in Sources */ = {isa = PBXBuildFile; fileRef = DB3B9B6521BAB3DB00DC4406 /* Arena.swift */; };
		DB712F3A21BA131500C203C0 /* Clan.swift in Sources */ = {isa = PBXBuildFile; fileRef = DB712F3921BA131500C203C0 /* Clan.swift */; };
		DB9EE61921BCA37600E2E757 /* ClanWar.swift in Sources */ = {isa = PBXBuildFile; fileRef = DB9EE61821BCA37600E2E757 /* ClanWar.swift */; };
		DB9EE61B21BCA3E900E2E757 /* Player.swift in Sources */ = {isa = PBXBuildFile; fileRef = DB9EE61A21BCA3E900E2E757 /* Player.swift */; };
		DB9EE61D21BCA73200E2E757 /* ClanWarLog.swift in Sources */ = {isa = PBXBuildFile; fileRef = DB9EE61C21BCA73200E2E757 /* ClanWarLog.swift */; };
		DB9EE61F21BCA92600E2E757 /* Log.swift in Sources */ = {isa = PBXBuildFile; fileRef = DB9EE61E21BCA92600E2E757 /* Log.swift */; };
		DB9EE62121BCA9E200E2E757 /* Standing.swift in Sources */ = {isa = PBXBuildFile; fileRef = DB9EE62021BCA9E200E2E757 /* Standing.swift */; };
		DB9EE64221BCCC0C00E2E757 /* Supercell-magic-webfont.ttf in Resources */ = {isa = PBXBuildFile; fileRef = DB9EE64121BCCC0000E2E757 /* Supercell-magic-webfont.ttf */; };
		DBA256CF21BB4DC600BAD7A0 /* Mode.swift in Sources */ = {isa = PBXBuildFile; fileRef = DBA256CE21BB4DC600BAD7A0 /* Mode.swift */; };
		DBA256D121BB58CF00BAD7A0 /* Battle.swift in Sources */ = {isa = PBXBuildFile; fileRef = DBA256D021BB58CF00BAD7A0 /* Battle.swift */; };
		DBA256D321BB5C6800BAD7A0 /* Team.swift in Sources */ = {isa = PBXBuildFile; fileRef = DBA256D221BB5C6800BAD7A0 /* Team.swift */; };
		DBA256D521BB5DB200BAD7A0 /* Card.swift in Sources */ = {isa = PBXBuildFile; fileRef = DBA256D421BB5DB200BAD7A0 /* Card.swift */; };
		DBA256D721BB668B00BAD7A0 /* Opponent.swift in Sources */ = {isa = PBXBuildFile; fileRef = DBA256D621BB668B00BAD7A0 /* Opponent.swift */; };
		DBBAA00221B9FE310027B85C /* APIConfiguration.swift in Sources */ = {isa = PBXBuildFile; fileRef = DBBAA00121B9FE310027B85C /* APIConfiguration.swift */; };
		DBBAA00421B9FE490027B85C /* Client.swift in Sources */ = {isa = PBXBuildFile; fileRef = DBBAA00321B9FE490027B85C /* Client.swift */; };
		DBBAA00621B9FEC90027B85C /* DeviceHelper.swift in Sources */ = {isa = PBXBuildFile; fileRef = DBBAA00521B9FEC90027B85C /* DeviceHelper.swift */; };
		DBBAA00821B9FEE30027B85C /* LanguageHelper.swift in Sources */ = {isa = PBXBuildFile; fileRef = DBBAA00721B9FEE30027B85C /* LanguageHelper.swift */; };
		DBBAA00A21B9FEF80027B85C /* HUDHelper.swift in Sources */ = {isa = PBXBuildFile; fileRef = DBBAA00921B9FEF80027B85C /* HUDHelper.swift */; };
		DBBAA00C21B9FF0C0027B85C /* ReachabilityManager.swift in Sources */ = {isa = PBXBuildFile; fileRef = DBBAA00B21B9FF0C0027B85C /* ReachabilityManager.swift */; };
		DBBAA00E21B9FF250027B85C /* UserDefaultsHelper.swift in Sources */ = {isa = PBXBuildFile; fileRef = DBBAA00D21B9FF250027B85C /* UserDefaultsHelper.swift */; };
		DBBAA01021B9FF4A0027B85C /* String.swift in Sources */ = {isa = PBXBuildFile; fileRef = DBBAA00F21B9FF4A0027B85C /* String.swift */; };
		DBBAA01221B9FF770027B85C /* Date.swift in Sources */ = {isa = PBXBuildFile; fileRef = DBBAA01121B9FF770027B85C /* Date.swift */; };
		DBBAA01421B9FFA30027B85C /* AlertView.swift in Sources */ = {isa = PBXBuildFile; fileRef = DBBAA01321B9FFA30027B85C /* AlertView.swift */; };
		DBBAA01821BA00050027B85C /* Constants.swift in Sources */ = {isa = PBXBuildFile; fileRef = DBBAA01721BA00050027B85C /* Constants.swift */; };
		DBBAA01A21BA034E0027B85C /* ErrorResponse.swift in Sources */ = {isa = PBXBuildFile; fileRef = DBBAA01921BA034E0027B85C /* ErrorResponse.swift */; };
		DBBAA01C21BA0CD00027B85C /* APIClans.swift in Sources */ = {isa = PBXBuildFile; fileRef = DBBAA01B21BA0CD00027B85C /* APIClans.swift */; };
		DBC7D19321BAC328006883B4 /* ClanBattles.swift in Sources */ = {isa = PBXBuildFile; fileRef = DBC7D19221BAC328006883B4 /* ClanBattles.swift */; };
/* End PBXBuildFile section */

/* Begin PBXFileReference section */
		060832A1907123A79DF06DDB /* Pods-Royale Leader.debug.xcconfig */ = {isa = PBXFileReference; includeInIndex = 1; lastKnownFileType = text.xcconfig; name = "Pods-Royale Leader.debug.xcconfig"; path = "Pods/Target Support Files/Pods-Royale Leader/Pods-Royale Leader.debug.xcconfig"; sourceTree = "<group>"; };
		7613A2815CDA1A41FF4A0CB3 /* Pods_Royale_Leader.framework */ = {isa = PBXFileReference; explicitFileType = wrapper.framework; includeInIndex = 0; path = Pods_Royale_Leader.framework; sourceTree = BUILT_PRODUCTS_DIR; };
		D485EB790BE483F279F45D0E /* Pods-Royale Leader.release.xcconfig */ = {isa = PBXFileReference; includeInIndex = 1; lastKnownFileType = text.xcconfig; name = "Pods-Royale Leader.release.xcconfig"; path = "Pods/Target Support Files/Pods-Royale Leader/Pods-Royale Leader.release.xcconfig"; sourceTree = "<group>"; };
		DB257A2A21BDDEA800746350 /* ClanViewController.swift */ = {isa = PBXFileReference; lastKnownFileType = sourcecode.swift; path = ClanViewController.swift; sourceTree = "<group>"; };
		DB257A2C21BDF6C500746350 /* ParticipantsCell.swift */ = {isa = PBXFileReference; lastKnownFileType = sourcecode.swift; path = ParticipantsCell.swift; sourceTree = "<group>"; };
		DB3A2CA521B8A9FE00AA4C2F /* Royale Leader.app */ = {isa = PBXFileReference; explicitFileType = wrapper.application; includeInIndex = 0; path = "Royale Leader.app"; sourceTree = BUILT_PRODUCTS_DIR; };
		DB3A2CA821B8A9FE00AA4C2F /* AppDelegate.swift */ = {isa = PBXFileReference; lastKnownFileType = sourcecode.swift; path = AppDelegate.swift; sourceTree = "<group>"; };
		DB3A2CAD21B8A9FE00AA4C2F /* Base */ = {isa = PBXFileReference; lastKnownFileType = file.storyboard; name = Base; path = Base.lproj/Main.storyboard; sourceTree = "<group>"; };
		DB3A2CAF21B8A9FF00AA4C2F /* Assets.xcassets */ = {isa = PBXFileReference; lastKnownFileType = folder.assetcatalog; path = Assets.xcassets; sourceTree = "<group>"; };
		DB3A2CB221B8A9FF00AA4C2F /* Base */ = {isa = PBXFileReference; lastKnownFileType = file.storyboard; name = Base; path = Base.lproj/LaunchScreen.storyboard; sourceTree = "<group>"; };
		DB3A2CB421B8A9FF00AA4C2F /* Info.plist */ = {isa = PBXFileReference; lastKnownFileType = text.plist.xml; path = Info.plist; sourceTree = "<group>"; };
		DB3A2CBA21B8AB5200AA4C2F /* Alamofire.framework */ = {isa = PBXFileReference; explicitFileType = wrapper.framework; path = Alamofire.framework; sourceTree = BUILT_PRODUCTS_DIR; };
		DB3A2CBC21B8AB7700AA4C2F /* Alamofire.framework */ = {isa = PBXFileReference; explicitFileType = wrapper.framework; path = Alamofire.framework; sourceTree = BUILT_PRODUCTS_DIR; };
		DB3A2CBE21B8AB9500AA4C2F /* IQKeyboardManagerSwift.framework */ = {isa = PBXFileReference; explicitFileType = wrapper.framework; path = IQKeyboardManagerSwift.framework; sourceTree = BUILT_PRODUCTS_DIR; };
		DB3A2CCE21B8B3BC00AA4C2F /* RouterEndpoint.swift */ = {isa = PBXFileReference; lastKnownFileType = sourcecode.swift; path = RouterEndpoint.swift; sourceTree = "<group>"; };
		DB3B9B5D21BAB11200DC4406 /* Tracking.swift */ = {isa = PBXFileReference; lastKnownFileType = sourcecode.swift; path = Tracking.swift; sourceTree = "<group>"; };
		DB3B9B5F21BAB16100DC4406 /* Badge.swift */ = {isa = PBXFileReference; lastKnownFileType = sourcecode.swift; path = Badge.swift; sourceTree = "<group>"; };
		DB3B9B6121BAB2B300DC4406 /* Location.swift */ = {isa = PBXFileReference; lastKnownFileType = sourcecode.swift; path = Location.swift; sourceTree = "<group>"; };
		DB3B9B6321BAB34E00DC4406 /* Member.swift */ = {isa = PBXFileReference; lastKnownFileType = sourcecode.swift; path = Member.swift; sourceTree = "<group>"; };
		DB3B9B6521BAB3DB00DC4406 /* Arena.swift */ = {isa = PBXFileReference; lastKnownFileType = sourcecode.swift; path = Arena.swift; sourceTree = "<group>"; };
		DB712F3921BA131500C203C0 /* Clan.swift */ = {isa = PBXFileReference; lastKnownFileType = sourcecode.swift; path = Clan.swift; sourceTree = "<group>"; };
		DB9EE61821BCA37600E2E757 /* ClanWar.swift */ = {isa = PBXFileReference; lastKnownFileType = sourcecode.swift; path = ClanWar.swift; sourceTree = "<group>"; };
		DB9EE61A21BCA3E900E2E757 /* Player.swift */ = {isa = PBXFileReference; lastKnownFileType = sourcecode.swift; path = Player.swift; sourceTree = "<group>"; };
		DB9EE61C21BCA73200E2E757 /* ClanWarLog.swift */ = {isa = PBXFileReference; lastKnownFileType = sourcecode.swift; path = ClanWarLog.swift; sourceTree = "<group>"; };
		DB9EE61E21BCA92600E2E757 /* Log.swift */ = {isa = PBXFileReference; lastKnownFileType = sourcecode.swift; path = Log.swift; sourceTree = "<group>"; };
		DB9EE62021BCA9E200E2E757 /* Standing.swift */ = {isa = PBXFileReference; lastKnownFileType = sourcecode.swift; path = Standing.swift; sourceTree = "<group>"; };
		DB9EE64121BCCC0000E2E757 /* Supercell-magic-webfont.ttf */ = {isa = PBXFileReference; lastKnownFileType = file; path = "Supercell-magic-webfont.ttf"; sourceTree = "<group>"; };
		DBA256CE21BB4DC600BAD7A0 /* Mode.swift */ = {isa = PBXFileReference; lastKnownFileType = sourcecode.swift; path = Mode.swift; sourceTree = "<group>"; };
		DBA256D021BB58CF00BAD7A0 /* Battle.swift */ = {isa = PBXFileReference; lastKnownFileType = sourcecode.swift; path = Battle.swift; sourceTree = "<group>"; };
		DBA256D221BB5C6800BAD7A0 /* Team.swift */ = {isa = PBXFileReference; lastKnownFileType = sourcecode.swift; path = Team.swift; sourceTree = "<group>"; };
		DBA256D421BB5DB200BAD7A0 /* Card.swift */ = {isa = PBXFileReference; lastKnownFileType = sourcecode.swift; path = Card.swift; sourceTree = "<group>"; };
		DBA256D621BB668B00BAD7A0 /* Opponent.swift */ = {isa = PBXFileReference; lastKnownFileType = sourcecode.swift; path = Opponent.swift; sourceTree = "<group>"; };
		DBBAA00121B9FE310027B85C /* APIConfiguration.swift */ = {isa = PBXFileReference; lastKnownFileType = sourcecode.swift; path = APIConfiguration.swift; sourceTree = "<group>"; };
		DBBAA00321B9FE490027B85C /* Client.swift */ = {isa = PBXFileReference; lastKnownFileType = sourcecode.swift; path = Client.swift; sourceTree = "<group>"; };
		DBBAA00521B9FEC90027B85C /* DeviceHelper.swift */ = {isa = PBXFileReference; lastKnownFileType = sourcecode.swift; path = DeviceHelper.swift; sourceTree = "<group>"; };
		DBBAA00721B9FEE30027B85C /* LanguageHelper.swift */ = {isa = PBXFileReference; lastKnownFileType = sourcecode.swift; path = LanguageHelper.swift; sourceTree = "<group>"; };
		DBBAA00921B9FEF80027B85C /* HUDHelper.swift */ = {isa = PBXFileReference; lastKnownFileType = sourcecode.swift; path = HUDHelper.swift; sourceTree = "<group>"; };
		DBBAA00B21B9FF0C0027B85C /* ReachabilityManager.swift */ = {isa = PBXFileReference; lastKnownFileType = sourcecode.swift; path = ReachabilityManager.swift; sourceTree = "<group>"; };
		DBBAA00D21B9FF250027B85C /* UserDefaultsHelper.swift */ = {isa = PBXFileReference; lastKnownFileType = sourcecode.swift; path = UserDefaultsHelper.swift; sourceTree = "<group>"; };
		DBBAA00F21B9FF4A0027B85C /* String.swift */ = {isa = PBXFileReference; lastKnownFileType = sourcecode.swift; path = String.swift; sourceTree = "<group>"; };
		DBBAA01121B9FF770027B85C /* Date.swift */ = {isa = PBXFileReference; lastKnownFileType = sourcecode.swift; path = Date.swift; sourceTree = "<group>"; };
		DBBAA01321B9FFA30027B85C /* AlertView.swift */ = {isa = PBXFileReference; lastKnownFileType = sourcecode.swift; path = AlertView.swift; sourceTree = "<group>"; };
		DBBAA01721BA00050027B85C /* Constants.swift */ = {isa = PBXFileReference; lastKnownFileType = sourcecode.swift; path = Constants.swift; sourceTree = "<group>"; };
		DBBAA01921BA034E0027B85C /* ErrorResponse.swift */ = {isa = PBXFileReference; lastKnownFileType = sourcecode.swift; path = ErrorResponse.swift; sourceTree = "<group>"; };
		DBBAA01B21BA0CD00027B85C /* APIClans.swift */ = {isa = PBXFileReference; lastKnownFileType = sourcecode.swift; path = APIClans.swift; sourceTree = "<group>"; };
		DBC7D19221BAC328006883B4 /* ClanBattles.swift */ = {isa = PBXFileReference; lastKnownFileType = sourcecode.swift; path = ClanBattles.swift; sourceTree = "<group>"; };
/* End PBXFileReference section */

/* Begin PBXFrameworksBuildPhase section */
		DB3A2CA221B8A9FE00AA4C2F /* Frameworks */ = {
			isa = PBXFrameworksBuildPhase;
			buildActionMask = 2147483647;
			files = (
				41E506150E9F17FE6E5EA697 /* Pods_Royale_Leader.framework in Frameworks */,
			);
			runOnlyForDeploymentPostprocessing = 0;
		};
/* End PBXFrameworksBuildPhase section */

/* Begin PBXGroup section */
		4EEF5049EF2DDDB7E045969D /* Frameworks */ = {
			isa = PBXGroup;
			children = (
				DB3A2CBE21B8AB9500AA4C2F /* IQKeyboardManagerSwift.framework */,
				DB3A2CBC21B8AB7700AA4C2F /* Alamofire.framework */,
				DB3A2CBA21B8AB5200AA4C2F /* Alamofire.framework */,
				7613A2815CDA1A41FF4A0CB3 /* Pods_Royale_Leader.framework */,
			);
			name = Frameworks;
			sourceTree = "<group>";
		};
		B47AE4BF6A6E1B80728176F8 /* Pods */ = {
			isa = PBXGroup;
			children = (
				060832A1907123A79DF06DDB /* Pods-Royale Leader.debug.xcconfig */,
				D485EB790BE483F279F45D0E /* Pods-Royale Leader.release.xcconfig */,
			);
			name = Pods;
			sourceTree = "<group>";
		};
		DB3A2C9C21B8A9FE00AA4C2F = {
			isa = PBXGroup;
			children = (
				DB3A2CA721B8A9FE00AA4C2F /* Royale Leader */,
				DB3A2CA621B8A9FE00AA4C2F /* Products */,
				B47AE4BF6A6E1B80728176F8 /* Pods */,
				4EEF5049EF2DDDB7E045969D /* Frameworks */,
			);
			sourceTree = "<group>";
		};
		DB3A2CA621B8A9FE00AA4C2F /* Products */ = {
			isa = PBXGroup;
			children = (
				DB3A2CA521B8A9FE00AA4C2F /* Royale Leader.app */,
			);
			name = Products;
			sourceTree = "<group>";
		};
		DB3A2CA721B8A9FE00AA4C2F /* Royale Leader */ = {
			isa = PBXGroup;
			children = (
				DB3A2CC821B8B2A800AA4C2F /* Networking */,
				DB3A2CC721B8B2A600AA4C2F /* Models */,
				DB3A2CC621B8B2A400AA4C2F /* Views */,
				DB3A2CC521B8B2A100AA4C2F /* Controllers */,
				DB3A2CC421B8B29E00AA4C2F /* Storyboards */,
				DB3A2CC321B8B29C00AA4C2F /* Helpers */,
				DB3A2CC221B8B29900AA4C2F /* Extensions */,
				DB3A2CC021B8B28700AA4C2F /* Supporting Files */,
			);
			path = "Royale Leader";
			sourceTree = "<group>";
		};
		DB3A2CC021B8B28700AA4C2F /* Supporting Files */ = {
			isa = PBXGroup;
			children = (
				DB9EE64021BCCBE800E2E757 /* Fonts */,
				DB3A2CB421B8A9FF00AA4C2F /* Info.plist */,
				DB3A2CAF21B8A9FF00AA4C2F /* Assets.xcassets */,
				DB3A2CA821B8A9FE00AA4C2F /* AppDelegate.swift */,
				DBBAA01721BA00050027B85C /* Constants.swift */,
			);
			path = "Supporting Files";
			sourceTree = "<group>";
		};
		DB3A2CC221B8B29900AA4C2F /* Extensions */ = {
			isa = PBXGroup;
			children = (
				DBBAA00F21B9FF4A0027B85C /* String.swift */,
				DBBAA01121B9FF770027B85C /* Date.swift */,
				DBBAA01321B9FFA30027B85C /* AlertView.swift */,
			);
			path = Extensions;
			sourceTree = "<group>";
		};
		DB3A2CC321B8B29C00AA4C2F /* Helpers */ = {
			isa = PBXGroup;
			children = (
				DBBAA00521B9FEC90027B85C /* DeviceHelper.swift */,
				DBBAA00721B9FEE30027B85C /* LanguageHelper.swift */,
				DBBAA00921B9FEF80027B85C /* HUDHelper.swift */,
				DBBAA00B21B9FF0C0027B85C /* ReachabilityManager.swift */,
				DBBAA00D21B9FF250027B85C /* UserDefaultsHelper.swift */,
			);
			path = Helpers;
			sourceTree = "<group>";
		};
		DB3A2CC421B8B29E00AA4C2F /* Storyboards */ = {
			isa = PBXGroup;
			children = (
				DB3A2CB121B8A9FF00AA4C2F /* LaunchScreen.storyboard */,
				DB3A2CAC21B8A9FE00AA4C2F /* Main.storyboard */,
			);
			path = Storyboards;
			sourceTree = "<group>";
		};
		DB3A2CC521B8B2A100AA4C2F /* Controllers */ = {
			isa = PBXGroup;
			children = (
				DB257A2A21BDDEA800746350 /* ClanViewController.swift */,
			);
			path = Controllers;
			sourceTree = "<group>";
		};
		DB3A2CC621B8B2A400AA4C2F /* Views */ = {
			isa = PBXGroup;
			children = (
				DB257A2C21BDF6C500746350 /* ParticipantsCell.swift */,
			);
			path = Views;
			sourceTree = "<group>";
		};
		DB3A2CC721B8B2A600AA4C2F /* Models */ = {
			isa = PBXGroup;
			children = (
				DBBAA01921BA034E0027B85C /* ErrorResponse.swift */,
				DB712F3921BA131500C203C0 /* Clan.swift */,
				DBC7D19221BAC328006883B4 /* ClanBattles.swift */,
				DB9EE61821BCA37600E2E757 /* ClanWar.swift */,
				DB9EE61C21BCA73200E2E757 /* ClanWarLog.swift */,
				DB3B9B5D21BAB11200DC4406 /* Tracking.swift */,
				DB3B9B5F21BAB16100DC4406 /* Badge.swift */,
				DB3B9B6121BAB2B300DC4406 /* Location.swift */,
				DB3B9B6321BAB34E00DC4406 /* Member.swift */,
				DB3B9B6521BAB3DB00DC4406 /* Arena.swift */,
				DBA256CE21BB4DC600BAD7A0 /* Mode.swift */,
				DBA256D021BB58CF00BAD7A0 /* Battle.swift */,
				DBA256D221BB5C6800BAD7A0 /* Team.swift */,
				DBA256D621BB668B00BAD7A0 /* Opponent.swift */,
				DBA256D421BB5DB200BAD7A0 /* Card.swift */,
				DB9EE61A21BCA3E900E2E757 /* Player.swift */,
				DB9EE61E21BCA92600E2E757 /* Log.swift */,
				DB9EE62021BCA9E200E2E757 /* Standing.swift */,
			);
			path = Models;
			sourceTree = "<group>";
		};
		DB3A2CC821B8B2A800AA4C2F /* Networking */ = {
			isa = PBXGroup;
			children = (
				DB3A2CC921B8B36100AA4C2F /* Manager */,
				DB3A2CCA21B8B36F00AA4C2F /* Router */,
				DB3A2CCB21B8B37600AA4C2F /* Calls */,
			);
			path = Networking;
			sourceTree = "<group>";
		};
		DB3A2CC921B8B36100AA4C2F /* Manager */ = {
			isa = PBXGroup;
			children = (
				DBBAA00121B9FE310027B85C /* APIConfiguration.swift */,
				DBBAA00321B9FE490027B85C /* Client.swift */,
			);
			path = Manager;
			sourceTree = "<group>";
		};
		DB3A2CCA21B8B36F00AA4C2F /* Router */ = {
			isa = PBXGroup;
			children = (
				DB3A2CCE21B8B3BC00AA4C2F /* RouterEndpoint.swift */,
			);
			path = Router;
			sourceTree = "<group>";
		};
		DB3A2CCB21B8B37600AA4C2F /* Calls */ = {
			isa = PBXGroup;
			children = (
				DBBAA01B21BA0CD00027B85C /* APIClans.swift */,
			);
			path = Calls;
			sourceTree = "<group>";
		};
		DB9EE64021BCCBE800E2E757 /* Fonts */ = {
			isa = PBXGroup;
			children = (
				DB9EE64121BCCC0000E2E757 /* Supercell-magic-webfont.ttf */,
			);
			path = Fonts;
			sourceTree = "<group>";
		};
/* End PBXGroup section */

/* Begin PBXNativeTarget section */
		DB3A2CA421B8A9FE00AA4C2F /* Royale Leader */ = {
			isa = PBXNativeTarget;
			buildConfigurationList = DB3A2CB721B8A9FF00AA4C2F /* Build configuration list for PBXNativeTarget "Royale Leader" */;
			buildPhases = (
				79CD1D098FB28CA6C04B7B4C /* [CP] Check Pods Manifest.lock */,
				DB3A2CA121B8A9FE00AA4C2F /* Sources */,
				DB3A2CA221B8A9FE00AA4C2F /* Frameworks */,
				DB3A2CA321B8A9FE00AA4C2F /* Resources */,
				1E8AAF7EF37097F9A4252891 /* [CP] Embed Pods Frameworks */,
			);
			buildRules = (
			);
			dependencies = (
			);
			name = "Royale Leader";
			productName = "Royale Leader";
			productReference = DB3A2CA521B8A9FE00AA4C2F /* Royale Leader.app */;
			productType = "com.apple.product-type.application";
		};
/* End PBXNativeTarget section */

/* Begin PBXProject section */
		DB3A2C9D21B8A9FE00AA4C2F /* Project object */ = {
			isa = PBXProject;
			attributes = {
				LastSwiftUpdateCheck = 1010;
				LastUpgradeCheck = 1010;
				ORGANIZATIONNAME = "Red Ice";
				TargetAttributes = {
					DB3A2CA421B8A9FE00AA4C2F = {
						CreatedOnToolsVersion = 10.1;
					};
				};
			};
			buildConfigurationList = DB3A2CA021B8A9FE00AA4C2F /* Build configuration list for PBXProject "Royale Leader" */;
			compatibilityVersion = "Xcode 9.3";
			developmentRegion = en;
			hasScannedForEncodings = 0;
			knownRegions = (
				en,
				Base,
			);
			mainGroup = DB3A2C9C21B8A9FE00AA4C2F;
			productRefGroup = DB3A2CA621B8A9FE00AA4C2F /* Products */;
			projectDirPath = "";
			projectRoot = "";
			targets = (
				DB3A2CA421B8A9FE00AA4C2F /* Royale Leader */,
			);
		};
/* End PBXProject section */

/* Begin PBXResourcesBuildPhase section */
		DB3A2CA321B8A9FE00AA4C2F /* Resources */ = {
			isa = PBXResourcesBuildPhase;
			buildActionMask = 2147483647;
			files = (
				DB3A2CB321B8A9FF00AA4C2F /* LaunchScreen.storyboard in Resources */,
				DB3A2CB021B8A9FF00AA4C2F /* Assets.xcassets in Resources */,
				DB9EE64221BCCC0C00E2E757 /* Supercell-magic-webfont.ttf in Resources */,
				DB3A2CAE21B8A9FE00AA4C2F /* Main.storyboard in Resources */,
			);
			runOnlyForDeploymentPostprocessing = 0;
		};
/* End PBXResourcesBuildPhase section */

/* Begin PBXShellScriptBuildPhase section */
		1E8AAF7EF37097F9A4252891 /* [CP] Embed Pods Frameworks */ = {
			isa = PBXShellScriptBuildPhase;
			buildActionMask = 2147483647;
			files = (
			);
			inputFileListPaths = (
			);
			inputPaths = (
				"${SRCROOT}/Pods/Target Support Files/Pods-Royale Leader/Pods-Royale Leader-frameworks.sh",
				"${BUILT_PRODUCTS_DIR}/Alamofire/Alamofire.framework",
				"${BUILT_PRODUCTS_DIR}/IQKeyboardManagerSwift/IQKeyboardManagerSwift.framework",
				"${BUILT_PRODUCTS_DIR}/KRActivityIndicatorView/KRActivityIndicatorView.framework",
				"${BUILT_PRODUCTS_DIR}/KRProgressHUD/KRProgressHUD.framework",
				"${BUILT_PRODUCTS_DIR}/ReachabilitySwift/Reachability.framework",
				"${BUILT_PRODUCTS_DIR}/SDWebImage/SDWebImage.framework",
			);
			name = "[CP] Embed Pods Frameworks";
			outputFileListPaths = (
			);
			outputPaths = (
				"${TARGET_BUILD_DIR}/${FRAMEWORKS_FOLDER_PATH}/Alamofire.framework",
				"${TARGET_BUILD_DIR}/${FRAMEWORKS_FOLDER_PATH}/IQKeyboardManagerSwift.framework",
				"${TARGET_BUILD_DIR}/${FRAMEWORKS_FOLDER_PATH}/KRActivityIndicatorView.framework",
				"${TARGET_BUILD_DIR}/${FRAMEWORKS_FOLDER_PATH}/KRProgressHUD.framework",
				"${TARGET_BUILD_DIR}/${FRAMEWORKS_FOLDER_PATH}/Reachability.framework",
				"${TARGET_BUILD_DIR}/${FRAMEWORKS_FOLDER_PATH}/SDWebImage.framework",
			);
			runOnlyForDeploymentPostprocessing = 0;
			shellPath = /bin/sh;
			shellScript = "\"${SRCROOT}/Pods/Target Support Files/Pods-Royale Leader/Pods-Royale Leader-frameworks.sh\"\n";
			showEnvVarsInLog = 0;
		};
		79CD1D098FB28CA6C04B7B4C /* [CP] Check Pods Manifest.lock */ = {
			isa = PBXShellScriptBuildPhase;
			buildActionMask = 2147483647;
			files = (
			);
			inputFileListPaths = (
			);
			inputPaths = (
				"${PODS_PODFILE_DIR_PATH}/Podfile.lock",
				"${PODS_ROOT}/Manifest.lock",
			);
			name = "[CP] Check Pods Manifest.lock";
			outputFileListPaths = (
			);
			outputPaths = (
				"$(DERIVED_FILE_DIR)/Pods-Royale Leader-checkManifestLockResult.txt",
			);
			runOnlyForDeploymentPostprocessing = 0;
			shellPath = /bin/sh;
			shellScript = "diff \"${PODS_PODFILE_DIR_PATH}/Podfile.lock\" \"${PODS_ROOT}/Manifest.lock\" > /dev/null\nif [ $? != 0 ] ; then\n    # print error to STDERR\n    echo \"error: The sandbox is not in sync with the Podfile.lock. Run 'pod install' or update your CocoaPods installation.\" >&2\n    exit 1\nfi\n# This output is used by Xcode 'outputs' to avoid re-running this script phase.\necho \"SUCCESS\" > \"${SCRIPT_OUTPUT_FILE_0}\"\n";
			showEnvVarsInLog = 0;
		};
/* End PBXShellScriptBuildPhase section */

/* Begin PBXSourcesBuildPhase section */
		DB3A2CA121B8A9FE00AA4C2F /* Sources */ = {
			isa = PBXSourcesBuildPhase;
			buildActionMask = 2147483647;
			files = (
				DBBAA00E21B9FF250027B85C /* UserDefaultsHelper.swift in Sources */,
				DBA256D121BB58CF00BAD7A0 /* Battle.swift in Sources */,
				DB9EE61F21BCA92600E2E757 /* Log.swift in Sources */,
				DBC7D19321BAC328006883B4 /* ClanBattles.swift in Sources */,
				DB712F3A21BA131500C203C0 /* Clan.swift in Sources */,
				DBBAA01821BA00050027B85C /* Constants.swift in Sources */,
				DB257A2D21BDF6C500746350 /* ParticipantsCell.swift in Sources */,
				DBBAA01221B9FF770027B85C /* Date.swift in Sources */,
				DBBAA00C21B9FF0C0027B85C /* ReachabilityManager.swift in Sources */,
				DBA256CF21BB4DC600BAD7A0 /* Mode.swift in Sources */,
				DB3B9B6021BAB16100DC4406 /* Badge.swift in Sources */,
				DB3A2CCF21B8B3BC00AA4C2F /* RouterEndpoint.swift in Sources */,
				DB3B9B6621BAB3DB00DC4406 /* Arena.swift in Sources */,
				DBBAA01021B9FF4A0027B85C /* String.swift in Sources */,
				DB9EE61B21BCA3E900E2E757 /* Player.swift in Sources */,
				DBBAA01A21BA034E0027B85C /* ErrorResponse.swift in Sources */,
				DBBAA01C21BA0CD00027B85C /* APIClans.swift in Sources */,
				DBBAA00821B9FEE30027B85C /* LanguageHelper.swift in Sources */,
				DBBAA00A21B9FEF80027B85C /* HUDHelper.swift in Sources */,
				DB3B9B6221BAB2B300DC4406 /* Location.swift in Sources */,
				DB9EE61921BCA37600E2E757 /* ClanWar.swift in Sources */,
				DB9EE62121BCA9E200E2E757 /* Standing.swift in Sources */,
				DBA256D321BB5C6800BAD7A0 /* Team.swift in Sources */,
				DB9EE61D21BCA73200E2E757 /* ClanWarLog.swift in Sources */,
				DB3A2CA921B8A9FE00AA4C2F /* AppDelegate.swift in Sources */,
				DBA256D721BB668B00BAD7A0 /* Opponent.swift in Sources */,
				DBBAA00221B9FE310027B85C /* APIConfiguration.swift in Sources */,
				DBBAA00621B9FEC90027B85C /* DeviceHelper.swift in Sources */,
				DBA256D521BB5DB200BAD7A0 /* Card.swift in Sources */,
				DBBAA01421B9FFA30027B85C /* AlertView.swift in Sources */,
				DB3B9B5E21BAB11200DC4406 /* Tracking.swift in Sources */,
				DB257A2B21BDDEA800746350 /* ClanViewController.swift in Sources */,
				DBBAA00421B9FE490027B85C /* Client.swift in Sources */,
				DB3B9B6421BAB34E00DC4406 /* Member.swift in Sources */,
			);
			runOnlyForDeploymentPostprocessing = 0;
		};
/* End PBXSourcesBuildPhase section */

/* Begin PBXVariantGroup section */
		DB3A2CAC21B8A9FE00AA4C2F /* Main.storyboard */ = {
			isa = PBXVariantGroup;
			children = (
				DB3A2CAD21B8A9FE00AA4C2F /* Base */,
			);
			name = Main.storyboard;
			sourceTree = "<group>";
		};
		DB3A2CB121B8A9FF00AA4C2F /* LaunchScreen.storyboard */ = {
			isa = PBXVariantGroup;
			children = (
				DB3A2CB221B8A9FF00AA4C2F /* Base */,
			);
			name = LaunchScreen.storyboard;
			sourceTree = "<group>";
		};
/* End PBXVariantGroup section */

/* Begin XCBuildConfiguration section */
		DB3A2CB521B8A9FF00AA4C2F /* Debug */ = {
			isa = XCBuildConfiguration;
			buildSettings = {
				ALWAYS_SEARCH_USER_PATHS = NO;
				CLANG_ANALYZER_NONNULL = YES;
				CLANG_ANALYZER_NUMBER_OBJECT_CONVERSION = YES_AGGRESSIVE;
				CLANG_CXX_LANGUAGE_STANDARD = "gnu++14";
				CLANG_CXX_LIBRARY = "libc++";
				CLANG_ENABLE_MODULES = YES;
				CLANG_ENABLE_OBJC_ARC = YES;
				CLANG_ENABLE_OBJC_WEAK = YES;
				CLANG_WARN_BLOCK_CAPTURE_AUTORELEASING = YES;
				CLANG_WARN_BOOL_CONVERSION = YES;
				CLANG_WARN_COMMA = YES;
				CLANG_WARN_CONSTANT_CONVERSION = YES;
				CLANG_WARN_DEPRECATED_OBJC_IMPLEMENTATIONS = YES;
				CLANG_WARN_DIRECT_OBJC_ISA_USAGE = YES_ERROR;
				CLANG_WARN_DOCUMENTATION_COMMENTS = YES;
				CLANG_WARN_EMPTY_BODY = YES;
				CLANG_WARN_ENUM_CONVERSION = YES;
				CLANG_WARN_INFINITE_RECURSION = YES;
				CLANG_WARN_INT_CONVERSION = YES;
				CLANG_WARN_NON_LITERAL_NULL_CONVERSION = YES;
				CLANG_WARN_OBJC_IMPLICIT_RETAIN_SELF = YES;
				CLANG_WARN_OBJC_LITERAL_CONVERSION = YES;
				CLANG_WARN_OBJC_ROOT_CLASS = YES_ERROR;
				CLANG_WARN_RANGE_LOOP_ANALYSIS = YES;
				CLANG_WARN_STRICT_PROTOTYPES = YES;
				CLANG_WARN_SUSPICIOUS_MOVE = YES;
				CLANG_WARN_UNGUARDED_AVAILABILITY = YES_AGGRESSIVE;
				CLANG_WARN_UNREACHABLE_CODE = YES;
				CLANG_WARN__DUPLICATE_METHOD_MATCH = YES;
				CODE_SIGN_IDENTITY = "iPhone Developer";
				COPY_PHASE_STRIP = NO;
				DEBUG_INFORMATION_FORMAT = dwarf;
				ENABLE_STRICT_OBJC_MSGSEND = YES;
				ENABLE_TESTABILITY = YES;
				GCC_C_LANGUAGE_STANDARD = gnu11;
				GCC_DYNAMIC_NO_PIC = NO;
				GCC_NO_COMMON_BLOCKS = YES;
				GCC_OPTIMIZATION_LEVEL = 0;
				GCC_PREPROCESSOR_DEFINITIONS = (
					"DEBUG=1",
					"$(inherited)",
				);
				GCC_WARN_64_TO_32_BIT_CONVERSION = YES;
				GCC_WARN_ABOUT_RETURN_TYPE = YES_ERROR;
				GCC_WARN_UNDECLARED_SELECTOR = YES;
				GCC_WARN_UNINITIALIZED_AUTOS = YES_AGGRESSIVE;
				GCC_WARN_UNUSED_FUNCTION = YES;
				GCC_WARN_UNUSED_VARIABLE = YES;
				IPHONEOS_DEPLOYMENT_TARGET = 12.1;
				MTL_ENABLE_DEBUG_INFO = INCLUDE_SOURCE;
				MTL_FAST_MATH = YES;
				ONLY_ACTIVE_ARCH = YES;
				SDKROOT = iphoneos;
				SWIFT_ACTIVE_COMPILATION_CONDITIONS = DEBUG;
				SWIFT_OPTIMIZATION_LEVEL = "-Onone";
			};
			name = Debug;
		};
		DB3A2CB621B8A9FF00AA4C2F /* Release */ = {
			isa = XCBuildConfiguration;
			buildSettings = {
				ALWAYS_SEARCH_USER_PATHS = NO;
				CLANG_ANALYZER_NONNULL = YES;
				CLANG_ANALYZER_NUMBER_OBJECT_CONVERSION = YES_AGGRESSIVE;
				CLANG_CXX_LANGUAGE_STANDARD = "gnu++14";
				CLANG_CXX_LIBRARY = "libc++";
				CLANG_ENABLE_MODULES = YES;
				CLANG_ENABLE_OBJC_ARC = YES;
				CLANG_ENABLE_OBJC_WEAK = YES;
				CLANG_WARN_BLOCK_CAPTURE_AUTORELEASING = YES;
				CLANG_WARN_BOOL_CONVERSION = YES;
				CLANG_WARN_COMMA = YES;
				CLANG_WARN_CONSTANT_CONVERSION = YES;
				CLANG_WARN_DEPRECATED_OBJC_IMPLEMENTATIONS = YES;
				CLANG_WARN_DIRECT_OBJC_ISA_USAGE = YES_ERROR;
				CLANG_WARN_DOCUMENTATION_COMMENTS = YES;
				CLANG_WARN_EMPTY_BODY = YES;
				CLANG_WARN_ENUM_CONVERSION = YES;
				CLANG_WARN_INFINITE_RECURSION = YES;
				CLANG_WARN_INT_CONVERSION = YES;
				CLANG_WARN_NON_LITERAL_NULL_CONVERSION = YES;
				CLANG_WARN_OBJC_IMPLICIT_RETAIN_SELF = YES;
				CLANG_WARN_OBJC_LITERAL_CONVERSION = YES;
				CLANG_WARN_OBJC_ROOT_CLASS = YES_ERROR;
				CLANG_WARN_RANGE_LOOP_ANALYSIS = YES;
				CLANG_WARN_STRICT_PROTOTYPES = YES;
				CLANG_WARN_SUSPICIOUS_MOVE = YES;
				CLANG_WARN_UNGUARDED_AVAILABILITY = YES_AGGRESSIVE;
				CLANG_WARN_UNREACHABLE_CODE = YES;
				CLANG_WARN__DUPLICATE_METHOD_MATCH = YES;
				CODE_SIGN_IDENTITY = "iPhone Developer";
				COPY_PHASE_STRIP = NO;
				DEBUG_INFORMATION_FORMAT = "dwarf-with-dsym";
				ENABLE_NS_ASSERTIONS = NO;
				ENABLE_STRICT_OBJC_MSGSEND = YES;
				GCC_C_LANGUAGE_STANDARD = gnu11;
				GCC_NO_COMMON_BLOCKS = YES;
				GCC_WARN_64_TO_32_BIT_CONVERSION = YES;
				GCC_WARN_ABOUT_RETURN_TYPE = YES_ERROR;
				GCC_WARN_UNDECLARED_SELECTOR = YES;
				GCC_WARN_UNINITIALIZED_AUTOS = YES_AGGRESSIVE;
				GCC_WARN_UNUSED_FUNCTION = YES;
				GCC_WARN_UNUSED_VARIABLE = YES;
				IPHONEOS_DEPLOYMENT_TARGET = 12.1;
				MTL_ENABLE_DEBUG_INFO = NO;
				MTL_FAST_MATH = YES;
				SDKROOT = iphoneos;
				SWIFT_COMPILATION_MODE = wholemodule;
				SWIFT_OPTIMIZATION_LEVEL = "-O";
				VALIDATE_PRODUCT = YES;
			};
			name = Release;
		};
		DB3A2CB821B8A9FF00AA4C2F /* Debug */ = {
			isa = XCBuildConfiguration;
			baseConfigurationReference = 060832A1907123A79DF06DDB /* Pods-Royale Leader.debug.xcconfig */;
			buildSettings = {
				ASSETCATALOG_COMPILER_APPICON_NAME = AppIcon;
				CODE_SIGN_STYLE = Automatic;
				DEVELOPMENT_TEAM = 42QU6XXW6Z;
				INFOPLIST_FILE = "$(SRCROOT)/Royale Leader/Supporting Files/Info.plist";
				LD_RUNPATH_SEARCH_PATHS = (
					"$(inherited)",
					"@executable_path/Frameworks",
				);
				PRODUCT_BUNDLE_IDENTIFIER = "com.redice.royaleleader.Royale-Leader";
				PRODUCT_NAME = "$(TARGET_NAME)";
				SWIFT_VERSION = 4.2;
				TARGETED_DEVICE_FAMILY = "1,2";
			};
			name = Debug;
		};
		DB3A2CB921B8A9FF00AA4C2F /* Release */ = {
			isa = XCBuildConfiguration;
			baseConfigurationReference = D485EB790BE483F279F45D0E /* Pods-Royale Leader.release.xcconfig */;
			buildSettings = {
				ASSETCATALOG_COMPILER_APPICON_NAME = AppIcon;
				CODE_SIGN_STYLE = Automatic;
				DEVELOPMENT_TEAM = 42QU6XXW6Z;
				INFOPLIST_FILE = "$(SRCROOT)/Royale Leader/Supporting Files/Info.plist";
				LD_RUNPATH_SEARCH_PATHS = (
					"$(inherited)",
					"@executable_path/Frameworks",
				);
				PRODUCT_BUNDLE_IDENTIFIER = "com.redice.royaleleader.Royale-Leader";
				PRODUCT_NAME = "$(TARGET_NAME)";
				SWIFT_VERSION = 4.2;
				TARGETED_DEVICE_FAMILY = "1,2";
			};
			name = Release;
		};
/* End XCBuildConfiguration section */

/* Begin XCConfigurationList section */
		DB3A2CA021B8A9FE00AA4C2F /* Build configuration list for PBXProject "Royale Leader" */ = {
			isa = XCConfigurationList;
			buildConfigurations = (
				DB3A2CB521B8A9FF00AA4C2F /* Debug */,
				DB3A2CB621B8A9FF00AA4C2F /* Release */,
			);
			defaultConfigurationIsVisible = 0;
			defaultConfigurationName = Release;
		};
		DB3A2CB721B8A9FF00AA4C2F /* Build configuration list for PBXNativeTarget "Royale Leader" */ = {
			isa = XCConfigurationList;
			buildConfigurations = (
				DB3A2CB821B8A9FF00AA4C2F /* Debug */,
				DB3A2CB921B8A9FF00AA4C2F /* Release */,
			);
			defaultConfigurationIsVisible = 0;
			defaultConfigurationName = Release;
		};
/* End XCConfigurationList section */
	};
	rootObject = DB3A2C9D21B8A9FE00AA4C2F /* Project object */;
}
